
Microsoft Visual Studio Solution File, Format Version 12.00
# Visual Studio Version 17
VisualStudioVersion = 17.14.36301.6 d17.14
MinimumVisualStudioVersion = 10.0.40219.1
Project("{FAE04EC0-301F-11D3-BF4B-00C04F79EFBC}") = "Soundboard", "Soundboard.csproj", "{100F1DE2-FCF7-FD6D-7FCF-E8EB8C689555}"
EndProject
Project("{FAE04EC0-301F-11D3-BF4B-00C04F79EFBC}") = "Soundboard.Desktop", "..\Soundboard.Desktop\Soundboard.Desktop.csproj", "{84B48AD6-B638-E175-6BFB-30FCED37821F}"
EndProject
Global
	GlobalSection(SolutionConfigurationPlatforms) = preSolution
		Debug|Any CPU = Debug|Any CPU
		Release|Any CPU = Release|Any CPU
	EndGlobalSection
	GlobalSection(ProjectConfigurationPlatforms) = postSolution
		{100F1DE2-FCF7-FD6D-7FCF-E8EB8C689555}.Debug|Any CPU.ActiveCfg = Debug|Any CPU
		{100F1DE2-FCF7-FD6D-7FCF-E8EB8C689555}.Debug|Any CPU.Build.0 = Debug|Any CPU
		{100F1DE2-FCF7-FD6D-7FCF-E8EB8C689555}.Release|Any CPU.ActiveCfg = Release|Any CPU
		{100F1DE2-FCF7-FD6D-7FCF-E8EB8C689555}.Release|Any CPU.Build.0 = Release|Any CPU
		{84B48AD6-B638-E175-6BFB-30FCED37821F}.Debug|Any CPU.ActiveCfg = Debug|Any CPU
		{84B48AD6-B638-E175-6BFB-30FCED37821F}.Debug|Any CPU.Build.0 = Debug|Any CPU
		{84B48AD6-B638-E175-6BFB-30FCED37821F}.Release|Any CPU.ActiveCfg = Release|Any CPU
		{84B48AD6-B638-E175-6BFB-30FCED37821F}.Release|Any CPU.Build.0 = Release|Any CPU
	EndGlobalSection
	GlobalSection(SolutionProperties) = preSolution
		HideSolutionNode = FALSE
	EndGlobalSection
	GlobalSection(ExtensibilityGlobals) = postSolution
		SolutionGuid = {01E605F6-80DE-4C64-8F14-92A0D94DEA68}
	EndGlobalSection
EndGlobal
